
Microsoft Visual Studio Solution File, Format Version 12.00
Project("{FAE04EC0-301F-11D3-BF4B-00C04F79EFBC}") = "Nevo.Api", "Nevo.Api\Nevo.Api.csproj", "{26A0DD0C-9066-47CA-9338-646DD17E2BE8}"
EndProject
Project("{FAE04EC0-301F-11D3-BF4B-00C04F79EFBC}") = "Nevo.Business", "Nevo.Business\Nevo.Business.csproj", "{2B2FEAA4-B93D-4554-B948-413BD0486125}"
EndProject
Project("{FAE04EC0-301F-11D3-BF4B-00C04F79EFBC}") = "Nevo.Contract.V1", "Nevo.Contract.V1\Nevo.Contract.V1.csproj", "{D8130AA7-CA8C-404C-9E1D-81F2E7EC4451}"
EndProject
Project("{FAE04EC0-301F-11D3-BF4B-00C04F79EFBC}") = "Nevo.Data", "Nevo.Data\Nevo.Data.csproj", "{D5F57573-880D-4455-B5F6-8A21F4A80339}"
EndProject
Project("{2150E333-8FDC-42A3-9474-1A3956D46DE8}") = "Tests", "Tests", "{9B467261-3907-4D9F-90E6-F65F56F29FA9}"
EndProject
Project("{FAE04EC0-301F-11D3-BF4B-00C04F79EFBC}") = "Nevo.Api.Test", "Nevo.Api.Test\Nevo.Api.Test.csproj", "{53A172F4-ED49-4D97-961C-90E0618446DC}"
EndProject
Project("{FAE04EC0-301F-11D3-BF4B-00C04F79EFBC}") = "Nevo.Business.Test", "Nevo.Business.Test\Nevo.Business.Test.csproj", "{9E9B418C-6677-4104-9BE8-EFCAFFAADE85}"
EndProject
Project("{FAE04EC0-301F-11D3-BF4B-00C04F79EFBC}") = "Nevo.Contract.V1.Test", "Nevo.Contract.V1.Test\Nevo.Contract.V1.Test.csproj", "{E1B1CD6B-DE0B-4FA8-BB04-6C93C0943F8B}"
EndProject
Project("{FAE04EC0-301F-11D3-BF4B-00C04F79EFBC}") = "Nevo.Data.Test", "Nevo.Data.Test\Nevo.Data.Test.csproj", "{2886698A-57AB-4C02-B830-DE50CDB67AEE}"
EndProject
Project("{FAE04EC0-301F-11D3-BF4B-00C04F79EFBC}") = "Nevo.Test.Shared", "Nevo.Test.Shared\Nevo.Test.Shared.csproj", "{9005D54B-DBBC-47C2-A0E7-7D60047D085A}"
EndProject
Global
	GlobalSection(SolutionConfigurationPlatforms) = preSolution
		Debug|Any CPU = Debug|Any CPU
		Release|Any CPU = Release|Any CPU
	EndGlobalSection
	GlobalSection(ProjectConfigurationPlatforms) = postSolution
		{26A0DD0C-9066-47CA-9338-646DD17E2BE8}.Debug|Any CPU.ActiveCfg = Debug|Any CPU
		{26A0DD0C-9066-47CA-9338-646DD17E2BE8}.Debug|Any CPU.Build.0 = Debug|Any CPU
		{26A0DD0C-9066-47CA-9338-646DD17E2BE8}.Release|Any CPU.ActiveCfg = Release|Any CPU
		{26A0DD0C-9066-47CA-9338-646DD17E2BE8}.Release|Any CPU.Build.0 = Release|Any CPU
		{2B2FEAA4-B93D-4554-B948-413BD0486125}.Debug|Any CPU.ActiveCfg = Debug|Any CPU
		{2B2FEAA4-B93D-4554-B948-413BD0486125}.Debug|Any CPU.Build.0 = Debug|Any CPU
		{2B2FEAA4-B93D-4554-B948-413BD0486125}.Release|Any CPU.ActiveCfg = Release|Any CPU
		{2B2FEAA4-B93D-4554-B948-413BD0486125}.Release|Any CPU.Build.0 = Release|Any CPU
		{D8130AA7-CA8C-404C-9E1D-81F2E7EC4451}.Debug|Any CPU.ActiveCfg = Debug|Any CPU
		{D8130AA7-CA8C-404C-9E1D-81F2E7EC4451}.Debug|Any CPU.Build.0 = Debug|Any CPU
		{D8130AA7-CA8C-404C-9E1D-81F2E7EC4451}.Release|Any CPU.ActiveCfg = Release|Any CPU
		{D8130AA7-CA8C-404C-9E1D-81F2E7EC4451}.Release|Any CPU.Build.0 = Release|Any CPU
		{D5F57573-880D-4455-B5F6-8A21F4A80339}.Debug|Any CPU.ActiveCfg = Debug|Any CPU
		{D5F57573-880D-4455-B5F6-8A21F4A80339}.Debug|Any CPU.Build.0 = Debug|Any CPU
		{D5F57573-880D-4455-B5F6-8A21F4A80339}.Release|Any CPU.ActiveCfg = Release|Any CPU
		{D5F57573-880D-4455-B5F6-8A21F4A80339}.Release|Any CPU.Build.0 = Release|Any CPU
		{53A172F4-ED49-4D97-961C-90E0618446DC}.Debug|Any CPU.ActiveCfg = Debug|Any CPU
		{53A172F4-ED49-4D97-961C-90E0618446DC}.Debug|Any CPU.Build.0 = Debug|Any CPU
		{53A172F4-ED49-4D97-961C-90E0618446DC}.Release|Any CPU.ActiveCfg = Release|Any CPU
		{53A172F4-ED49-4D97-961C-90E0618446DC}.Release|Any CPU.Build.0 = Release|Any CPU
		{9E9B418C-6677-4104-9BE8-EFCAFFAADE85}.Debug|Any CPU.ActiveCfg = Debug|Any CPU
		{9E9B418C-6677-4104-9BE8-EFCAFFAADE85}.Debug|Any CPU.Build.0 = Debug|Any CPU
		{9E9B418C-6677-4104-9BE8-EFCAFFAADE85}.Release|Any CPU.ActiveCfg = Release|Any CPU
		{9E9B418C-6677-4104-9BE8-EFCAFFAADE85}.Release|Any CPU.Build.0 = Release|Any CPU
		{E1B1CD6B-DE0B-4FA8-BB04-6C93C0943F8B}.Debug|Any CPU.ActiveCfg = Debug|Any CPU
		{E1B1CD6B-DE0B-4FA8-BB04-6C93C0943F8B}.Debug|Any CPU.Build.0 = Debug|Any CPU
		{E1B1CD6B-DE0B-4FA8-BB04-6C93C0943F8B}.Release|Any CPU.ActiveCfg = Release|Any CPU
		{E1B1CD6B-DE0B-4FA8-BB04-6C93C0943F8B}.Release|Any CPU.Build.0 = Release|Any CPU
		{2886698A-57AB-4C02-B830-DE50CDB67AEE}.Debug|Any CPU.ActiveCfg = Debug|Any CPU
		{2886698A-57AB-4C02-B830-DE50CDB67AEE}.Debug|Any CPU.Build.0 = Debug|Any CPU
		{2886698A-57AB-4C02-B830-DE50CDB67AEE}.Release|Any CPU.ActiveCfg = Release|Any CPU
		{2886698A-57AB-4C02-B830-DE50CDB67AEE}.Release|Any CPU.Build.0 = Release|Any CPU
		{9005D54B-DBBC-47C2-A0E7-7D60047D085A}.Debug|Any CPU.ActiveCfg = Debug|Any CPU
		{9005D54B-DBBC-47C2-A0E7-7D60047D085A}.Debug|Any CPU.Build.0 = Debug|Any CPU
		{9005D54B-DBBC-47C2-A0E7-7D60047D085A}.Release|Any CPU.ActiveCfg = Release|Any CPU
		{9005D54B-DBBC-47C2-A0E7-7D60047D085A}.Release|Any CPU.Build.0 = Release|Any CPU
	EndGlobalSection
	GlobalSection(NestedProjects) = preSolution
		{53A172F4-ED49-4D97-961C-90E0618446DC} = {9B467261-3907-4D9F-90E6-F65F56F29FA9}
		{9E9B418C-6677-4104-9BE8-EFCAFFAADE85} = {9B467261-3907-4D9F-90E6-F65F56F29FA9}
		{E1B1CD6B-DE0B-4FA8-BB04-6C93C0943F8B} = {9B467261-3907-4D9F-90E6-F65F56F29FA9}
		{2886698A-57AB-4C02-B830-DE50CDB67AEE} = {9B467261-3907-4D9F-90E6-F65F56F29FA9}
		{9005D54B-DBBC-47C2-A0E7-7D60047D085A} = {9B467261-3907-4D9F-90E6-F65F56F29FA9}
	EndGlobalSection
EndGlobal
